
Microsoft Visual Studio Solution File, Format Version 12.00
# Visual Studio Version 16
VisualStudioVersion = 16.0.30406.217
MinimumVisualStudioVersion = 10.0.40219.1
Project("{FAE04EC0-301F-11D3-BF4B-00C04F79EFBC}") = "HttpPatchOperation", "HttpPatchOperation\HttpPatchOperation.csproj", "{028C0A90-1B95-4253-B427-4ACC3BDCC68E}"
EndProject
Project("{FAE04EC0-301F-11D3-BF4B-00C04F79EFBC}") = "Entities", "Entities\Entities.csproj", "{EB8F9063-B9DA-40D4-BD36-02DC8FF7B423}"
EndProject
Project("{FAE04EC0-301F-11D3-BF4B-00C04F79EFBC}") = "Business", "Business\Business.csproj", "{45F25AE0-E8C7-45D0-9D8F-04B7D0559827}"
EndProject
Global
	GlobalSection(SolutionConfigurationPlatforms) = preSolution
		Debug|Any CPU = Debug|Any CPU
		Release|Any CPU = Release|Any CPU
	EndGlobalSection
	GlobalSection(ProjectConfigurationPlatforms) = postSolution
		{028C0A90-1B95-4253-B427-4ACC3BDCC68E}.Debug|Any CPU.ActiveCfg = Debug|Any CPU
		{028C0A90-1B95-4253-B427-4ACC3BDCC68E}.Debug|Any CPU.Build.0 = Debug|Any CPU
		{028C0A90-1B95-4253-B427-4ACC3BDCC68E}.Release|Any CPU.ActiveCfg = Release|Any CPU
		{028C0A90-1B95-4253-B427-4ACC3BDCC68E}.Release|Any CPU.Build.0 = Release|Any CPU
		{EB8F9063-B9DA-40D4-BD36-02DC8FF7B423}.Debug|Any CPU.ActiveCfg = Debug|Any CPU
		{EB8F9063-B9DA-40D4-BD36-02DC8FF7B423}.Debug|Any CPU.Build.0 = Debug|Any CPU
		{EB8F9063-B9DA-40D4-BD36-02DC8FF7B423}.Release|Any CPU.ActiveCfg = Release|Any CPU
		{EB8F9063-B9DA-40D4-BD36-02DC8FF7B423}.Release|Any CPU.Build.0 = Release|Any CPU
		{45F25AE0-E8C7-45D0-9D8F-04B7D0559827}.Debug|Any CPU.ActiveCfg = Debug|Any CPU
		{45F25AE0-E8C7-45D0-9D8F-04B7D0559827}.Debug|Any CPU.Build.0 = Debug|Any CPU
		{45F25AE0-E8C7-45D0-9D8F-04B7D0559827}.Release|Any CPU.ActiveCfg = Release|Any CPU
		{45F25AE0-E8C7-45D0-9D8F-04B7D0559827}.Release|Any CPU.Build.0 = Release|Any CPU
	EndGlobalSection
	GlobalSection(SolutionProperties) = preSolution
		HideSolutionNode = FALSE
	EndGlobalSection
	GlobalSection(ExtensibilityGlobals) = postSolution
		SolutionGuid = {285626BD-ECC1-4C42-88B1-12CCE3133743}
	EndGlobalSection
EndGlobal
